# This file was autogenerated by Stack.
# You should not edit this file by hand.
# For more information, please see the documentation at:
#   https://docs.haskellstack.org/en/stable/topics/lock_files

packages:
- completed:
    hackage: gogol-1.0.0.0@sha256:b711299083a7790e15b82c3088cfe42f71849174a738e892e6e89a3f6bcf0592,3035
    pantry-tree:
      sha256: bf5036ea6a715dad6fd8cc125e0251509ef5d1ad600f3da4e5367e3cfb25ad2a
      size: 1148
  original:
    hackage: gogol-1.0.0.0@sha256:b711299083a7790e15b82c3088cfe42f71849174a738e892e6e89a3f6bcf0592,3035
- completed:
    hackage: gogol-vision-1.0.0@sha256:52f3d32a61198ace1d1b3a9a3c737fed22e2646d8229e8791352a70ecd43181d,2383
    pantry-tree:
      sha256: b4ba77d51413313853efd1815c329896c207a52aae8d2893115f313452fba169
      size: 1615
  original:
    hackage: gogol-vision-1.0.0@sha256:52f3d32a61198ace1d1b3a9a3c737fed22e2646d8229e8791352a70ecd43181d,2383
- completed:
    hackage: gogol-core-1.0.0.0@sha256:da273f1596ab73930c7a2036c400295c955e71ff5ab0d460ce1e0207d9849894,2514
    pantry-tree:
      sha256: d4807863d39a5f5d8d04b3358d247536aed033ccfff346ea5678295387277662
      size: 521
  original:
    hackage: gogol-core-1.0.0.0@sha256:da273f1596ab73930c7a2036c400295c955e71ff5ab0d460ce1e0207d9849894,2514
snapshots:
- completed:
    sha256: 7e724f347d5969cb5e8dde9f9aae30996e3231c29d1dafd45f21f1700d4c4fcb
    size: 684460
    url: https://raw.githubusercontent.com/commercialhaskell/stackage-snapshots/master/lts/23/28.yaml
  original: lts-23.28
